
Microsoft Visual Studio Solution File, Format Version 12.00
# Visual Studio Version 17
VisualStudioVersion = 17.10.35013.160
MinimumVisualStudioVersion = 10.0.40219.1
Project("{FAE04EC0-301F-11D3-BF4B-00C04F79EFBC}") = "Dairy Malik Mangement", "Dairy Malik Mangement.csproj", "{8E2432AC-B18E-4C21-86C0-903B01A1B935}"
EndProject
Global
	GlobalSection(SolutionConfigurationPlatforms) = preSolution
		Debug|Any CPU = Debug|Any CPU
		Release|Any CPU = Release|Any CPU
	EndGlobalSection
	GlobalSection(ProjectConfigurationPlatforms) = postSolution
		{8E2432AC-B18E-4C21-86C0-903B01A1B935}.Debug|Any CPU.ActiveCfg = Debug|Any CPU
		{8E2432AC-B18E-4C21-86C0-903B01A1B935}.Debug|Any CPU.Build.0 = Debug|Any CPU
		{8E2432AC-B18E-4C21-86C0-903B01A1B935}.Release|Any CPU.ActiveCfg = Release|Any CPU
		{8E2432AC-B18E-4C21-86C0-903B01A1B935}.Release|Any CPU.Build.0 = Release|Any CPU
	EndGlobalSection
	GlobalSection(SolutionProperties) = preSolution
		HideSolutionNode = FALSE
	EndGlobalSection
	GlobalSection(ExtensibilityGlobals) = postSolution
		SolutionGuid = {C963AFCA-9B8F-4A16-919A-D6428D9117BF}
	EndGlobalSection
EndGlobal
